
Microsoft Visual Studio Solution File, Format Version 12.00
# Visual Studio Version 17
VisualStudioVersion = 17.8.34408.163
MinimumVisualStudioVersion = 10.0.40219.1
Project("{9A19103F-16F7-4668-BE54-9A1E7A4F7556}") = "Infrastructure", "Infrastructure\Infrastructure.csproj", "{0E8DD1EA-B712-4B0E-8027-23A6E6DABE3E}"
EndProject
Project("{9A19103F-16F7-4668-BE54-9A1E7A4F7556}") = "Domain", "Domain\Domain.csproj", "{A56A39E5-662D-4086-B92A-1A2B06F133C5}"
EndProject
Project("{9A19103F-16F7-4668-BE54-9A1E7A4F7556}") = "UnitTests", "UnitTests\UnitTests.csproj", "{4F9FD555-0778-4333-9FC0-1C2961CF2EFF}"
EndProject
Project("{9A19103F-16F7-4668-BE54-9A1E7A4F7556}") = "WebApi", "WebApi\WebApi.csproj", "{C399DB42-78E4-473F-9401-DE409E1BB4E5}"
EndProject
Project("{9A19103F-16F7-4668-BE54-9A1E7A4F7556}") = "Application", "Application\Application.csproj", "{0A2E8557-57D5-4957-9718-57F3641766DA}"
EndProject
Project("{2150E333-8FDC-42A3-9474-1A3956D46DE8}") = "SolutionsFiles", "SolutionsFiles", "{92E5FD7C-E363-45F3-B8AA-29607EBF180F}"
	ProjectSection(SolutionItems) = preProject
		docker-compose.yml = docker-compose.yml
	EndProjectSection
EndProject
Global
	GlobalSection(SolutionConfigurationPlatforms) = preSolution
		Debug|Any CPU = Debug|Any CPU
		Release|Any CPU = Release|Any CPU
	EndGlobalSection
	GlobalSection(ProjectConfigurationPlatforms) = postSolution
		{0E8DD1EA-B712-4B0E-8027-23A6E6DABE3E}.Debug|Any CPU.ActiveCfg = Debug|Any CPU
		{0E8DD1EA-B712-4B0E-8027-23A6E6DABE3E}.Debug|Any CPU.Build.0 = Debug|Any CPU
		{0E8DD1EA-B712-4B0E-8027-23A6E6DABE3E}.Release|Any CPU.ActiveCfg = Release|Any CPU
		{0E8DD1EA-B712-4B0E-8027-23A6E6DABE3E}.Release|Any CPU.Build.0 = Release|Any CPU
		{A56A39E5-662D-4086-B92A-1A2B06F133C5}.Debug|Any CPU.ActiveCfg = Debug|Any CPU
		{A56A39E5-662D-4086-B92A-1A2B06F133C5}.Debug|Any CPU.Build.0 = Debug|Any CPU
		{A56A39E5-662D-4086-B92A-1A2B06F133C5}.Release|Any CPU.ActiveCfg = Release|Any CPU
		{A56A39E5-662D-4086-B92A-1A2B06F133C5}.Release|Any CPU.Build.0 = Release|Any CPU
		{4F9FD555-0778-4333-9FC0-1C2961CF2EFF}.Debug|Any CPU.ActiveCfg = Debug|Any CPU
		{4F9FD555-0778-4333-9FC0-1C2961CF2EFF}.Debug|Any CPU.Build.0 = Debug|Any CPU
		{4F9FD555-0778-4333-9FC0-1C2961CF2EFF}.Release|Any CPU.ActiveCfg = Release|Any CPU
		{4F9FD555-0778-4333-9FC0-1C2961CF2EFF}.Release|Any CPU.Build.0 = Release|Any CPU
		{C399DB42-78E4-473F-9401-DE409E1BB4E5}.Debug|Any CPU.ActiveCfg = Debug|Any CPU
		{C399DB42-78E4-473F-9401-DE409E1BB4E5}.Debug|Any CPU.Build.0 = Debug|Any CPU
		{C399DB42-78E4-473F-9401-DE409E1BB4E5}.Release|Any CPU.ActiveCfg = Release|Any CPU
		{C399DB42-78E4-473F-9401-DE409E1BB4E5}.Release|Any CPU.Build.0 = Release|Any CPU
		{0A2E8557-57D5-4957-9718-57F3641766DA}.Debug|Any CPU.ActiveCfg = Debug|Any CPU
		{0A2E8557-57D5-4957-9718-57F3641766DA}.Debug|Any CPU.Build.0 = Debug|Any CPU
		{0A2E8557-57D5-4957-9718-57F3641766DA}.Release|Any CPU.ActiveCfg = Release|Any CPU
		{0A2E8557-57D5-4957-9718-57F3641766DA}.Release|Any CPU.Build.0 = Release|Any CPU
	EndGlobalSection
	GlobalSection(SolutionProperties) = preSolution
		HideSolutionNode = FALSE
	EndGlobalSection
	GlobalSection(ExtensibilityGlobals) = postSolution
		SolutionGuid = {173F0897-DC75-4D0D-8252-C683055661B1}
	EndGlobalSection
EndGlobal
